
Microsoft Visual Studio Solution File, Format Version 12.00
# Visual Studio Version 17
VisualStudioVersion = 17.11.35312.102
MinimumVisualStudioVersion = 10.0.40219.1
Project("{FAE04EC0-301F-11D3-BF4B-00C04F79EFBC}") = "final project in C#", "final project in C#\final project in C#.csproj", "{492CC356-526F-498D-AFC6-402AA8550A79}"
EndProject
Global
	GlobalSection(SolutionConfigurationPlatforms) = preSolution
		Debug|Any CPU = Debug|Any CPU
		Release|Any CPU = Release|Any CPU
	EndGlobalSection
	GlobalSection(ProjectConfigurationPlatforms) = postSolution
		{492CC356-526F-498D-AFC6-402AA8550A79}.Debug|Any CPU.ActiveCfg = Debug|Any CPU
		{492CC356-526F-498D-AFC6-402AA8550A79}.Debug|Any CPU.Build.0 = Debug|Any CPU
		{492CC356-526F-498D-AFC6-402AA8550A79}.Release|Any CPU.ActiveCfg = Release|Any CPU
		{492CC356-526F-498D-AFC6-402AA8550A79}.Release|Any CPU.Build.0 = Release|Any CPU
	EndGlobalSection
	GlobalSection(SolutionProperties) = preSolution
		HideSolutionNode = FALSE
	EndGlobalSection
	GlobalSection(ExtensibilityGlobals) = postSolution
		SolutionGuid = {AD606214-FA72-487B-8015-E772AC12B6BE}
	EndGlobalSection
EndGlobal
